
Microsoft Visual Studio Solution File, Format Version 12.00
# Visual Studio 15
VisualStudioVersion = 15.0.28010.2050
MinimumVisualStudioVersion = 10.0.40219.1
Project("{FAE04EC0-301F-11D3-BF4B-00C04F79EFBC}") = "FitCard.DesafioPratico", "FitCard.DesafioPratico\FitCard.DesafioPratico.csproj", "{61502B25-F5DA-442F-B4B4-80E545041D11}"
EndProject
Project("{FAE04EC0-301F-11D3-BF4B-00C04F79EFBC}") = "FitCard.DesafioPratico.Tests", "FitCard.DesafioPratico.Tests\FitCard.DesafioPratico.Tests.csproj", "{2EFE068C-EE13-4BFA-9C90-6C19A31246B1}"
EndProject
Global
	GlobalSection(SolutionConfigurationPlatforms) = preSolution
		Debug|Any CPU = Debug|Any CPU
		Release|Any CPU = Release|Any CPU
	EndGlobalSection
	GlobalSection(ProjectConfigurationPlatforms) = postSolution
		{61502B25-F5DA-442F-B4B4-80E545041D11}.Debug|Any CPU.ActiveCfg = Debug|Any CPU
		{61502B25-F5DA-442F-B4B4-80E545041D11}.Debug|Any CPU.Build.0 = Debug|Any CPU
		{61502B25-F5DA-442F-B4B4-80E545041D11}.Release|Any CPU.ActiveCfg = Release|Any CPU
		{61502B25-F5DA-442F-B4B4-80E545041D11}.Release|Any CPU.Build.0 = Release|Any CPU
		{2EFE068C-EE13-4BFA-9C90-6C19A31246B1}.Debug|Any CPU.ActiveCfg = Debug|Any CPU
		{2EFE068C-EE13-4BFA-9C90-6C19A31246B1}.Debug|Any CPU.Build.0 = Debug|Any CPU
		{2EFE068C-EE13-4BFA-9C90-6C19A31246B1}.Release|Any CPU.ActiveCfg = Release|Any CPU
		{2EFE068C-EE13-4BFA-9C90-6C19A31246B1}.Release|Any CPU.Build.0 = Release|Any CPU
	EndGlobalSection
	GlobalSection(SolutionProperties) = preSolution
		HideSolutionNode = FALSE
	EndGlobalSection
	GlobalSection(ExtensibilityGlobals) = postSolution
		SolutionGuid = {8A3201F5-8AA2-4F4B-8AE7-4E9F41814EA7}
	EndGlobalSection
EndGlobal
